
Microsoft Visual Studio Solution File, Format Version 12.00
# Visual Studio Version 16
VisualStudioVersion = 16.0.30907.101
MinimumVisualStudioVersion = 10.0.40219.1
Project("{FAE04EC0-301F-11D3-BF4B-00C04F79EFBC}") = "Calculator.Android", "Calculator\Calculator.Android\Calculator.Android.csproj", "{AC7AC16A-1631-4F61-869A-71B84D3DAD46}"
EndProject
Project("{FAE04EC0-301F-11D3-BF4B-00C04F79EFBC}") = "Calculator.iOS", "Calculator\Calculator.iOS\Calculator.iOS.csproj", "{A362515C-CC58-4F7A-A289-E642E95B5FC1}"
EndProject
Project("{FAE04EC0-301F-11D3-BF4B-00C04F79EFBC}") = "Calculator", "Calculator\Calculator\Calculator.csproj", "{51D9881D-4374-48AB-A0B0-03CE34B72AB6}"
EndProject
Global
	GlobalSection(SolutionConfigurationPlatforms) = preSolution
		Debug|Any CPU = Debug|Any CPU
		Debug|iPhone = Debug|iPhone
		Debug|iPhoneSimulator = Debug|iPhoneSimulator
		Release|Any CPU = Release|Any CPU
		Release|iPhone = Release|iPhone
		Release|iPhoneSimulator = Release|iPhoneSimulator
	EndGlobalSection
	GlobalSection(ProjectConfigurationPlatforms) = postSolution
		{AC7AC16A-1631-4F61-869A-71B84D3DAD46}.Debug|Any CPU.ActiveCfg = Debug|Any CPU
		{AC7AC16A-1631-4F61-869A-71B84D3DAD46}.Debug|Any CPU.Build.0 = Debug|Any CPU
		{AC7AC16A-1631-4F61-869A-71B84D3DAD46}.Debug|Any CPU.Deploy.0 = Debug|Any CPU
		{AC7AC16A-1631-4F61-869A-71B84D3DAD46}.Debug|iPhone.ActiveCfg = Debug|Any CPU
		{AC7AC16A-1631-4F61-869A-71B84D3DAD46}.Debug|iPhone.Build.0 = Debug|Any CPU
		{AC7AC16A-1631-4F61-869A-71B84D3DAD46}.Debug|iPhone.Deploy.0 = Debug|Any CPU
		{AC7AC16A-1631-4F61-869A-71B84D3DAD46}.Debug|iPhoneSimulator.ActiveCfg = Debug|Any CPU
		{AC7AC16A-1631-4F61-869A-71B84D3DAD46}.Debug|iPhoneSimulator.Build.0 = Debug|Any CPU
		{AC7AC16A-1631-4F61-869A-71B84D3DAD46}.Debug|iPhoneSimulator.Deploy.0 = Debug|Any CPU
		{AC7AC16A-1631-4F61-869A-71B84D3DAD46}.Release|Any CPU.ActiveCfg = Release|Any CPU
		{AC7AC16A-1631-4F61-869A-71B84D3DAD46}.Release|Any CPU.Build.0 = Release|Any CPU
		{AC7AC16A-1631-4F61-869A-71B84D3DAD46}.Release|Any CPU.Deploy.0 = Release|Any CPU
		{AC7AC16A-1631-4F61-869A-71B84D3DAD46}.Release|iPhone.ActiveCfg = Release|Any CPU
		{AC7AC16A-1631-4F61-869A-71B84D3DAD46}.Release|iPhone.Build.0 = Release|Any CPU
		{AC7AC16A-1631-4F61-869A-71B84D3DAD46}.Release|iPhone.Deploy.0 = Release|Any CPU
		{AC7AC16A-1631-4F61-869A-71B84D3DAD46}.Release|iPhoneSimulator.ActiveCfg = Release|Any CPU
		{AC7AC16A-1631-4F61-869A-71B84D3DAD46}.Release|iPhoneSimulator.Build.0 = Release|Any CPU
		{AC7AC16A-1631-4F61-869A-71B84D3DAD46}.Release|iPhoneSimulator.Deploy.0 = Release|Any CPU
		{A362515C-CC58-4F7A-A289-E642E95B5FC1}.Debug|Any CPU.ActiveCfg = Debug|iPhone
		{A362515C-CC58-4F7A-A289-E642E95B5FC1}.Debug|Any CPU.Build.0 = Debug|iPhone
		{A362515C-CC58-4F7A-A289-E642E95B5FC1}.Debug|Any CPU.Deploy.0 = Debug|iPhone
		{A362515C-CC58-4F7A-A289-E642E95B5FC1}.Debug|iPhone.ActiveCfg = Debug|iPhone
		{A362515C-CC58-4F7A-A289-E642E95B5FC1}.Debug|iPhone.Build.0 = Debug|iPhone
		{A362515C-CC58-4F7A-A289-E642E95B5FC1}.Debug|iPhone.Deploy.0 = Debug|iPhone
		{A362515C-CC58-4F7A-A289-E642E95B5FC1}.Debug|iPhoneSimulator.ActiveCfg = Debug|iPhoneSimulator
		{A362515C-CC58-4F7A-A289-E642E95B5FC1}.Debug|iPhoneSimulator.Build.0 = Debug|iPhoneSimulator
		{A362515C-CC58-4F7A-A289-E642E95B5FC1}.Debug|iPhoneSimulator.Deploy.0 = Debug|iPhoneSimulator
		{A362515C-CC58-4F7A-A289-E642E95B5FC1}.Release|Any CPU.ActiveCfg = Release|iPhoneSimulator
		{A362515C-CC58-4F7A-A289-E642E95B5FC1}.Release|Any CPU.Build.0 = Release|iPhoneSimulator
		{A362515C-CC58-4F7A-A289-E642E95B5FC1}.Release|Any CPU.Deploy.0 = Release|iPhoneSimulator
		{A362515C-CC58-4F7A-A289-E642E95B5FC1}.Release|iPhone.ActiveCfg = Release|iPhone
		{A362515C-CC58-4F7A-A289-E642E95B5FC1}.Release|iPhone.Build.0 = Release|iPhone
		{A362515C-CC58-4F7A-A289-E642E95B5FC1}.Release|iPhone.Deploy.0 = Release|iPhone
		{A362515C-CC58-4F7A-A289-E642E95B5FC1}.Release|iPhoneSimulator.ActiveCfg = Release|iPhoneSimulator
		{A362515C-CC58-4F7A-A289-E642E95B5FC1}.Release|iPhoneSimulator.Build.0 = Release|iPhoneSimulator
		{A362515C-CC58-4F7A-A289-E642E95B5FC1}.Release|iPhoneSimulator.Deploy.0 = Release|iPhoneSimulator
		{51D9881D-4374-48AB-A0B0-03CE34B72AB6}.Debug|Any CPU.ActiveCfg = Debug|Any CPU
		{51D9881D-4374-48AB-A0B0-03CE34B72AB6}.Debug|Any CPU.Build.0 = Debug|Any CPU
		{51D9881D-4374-48AB-A0B0-03CE34B72AB6}.Debug|Any CPU.Deploy.0 = Debug|Any CPU
		{51D9881D-4374-48AB-A0B0-03CE34B72AB6}.Debug|iPhone.ActiveCfg = Debug|Any CPU
		{51D9881D-4374-48AB-A0B0-03CE34B72AB6}.Debug|iPhone.Build.0 = Debug|Any CPU
		{51D9881D-4374-48AB-A0B0-03CE34B72AB6}.Debug|iPhone.Deploy.0 = Debug|Any CPU
		{51D9881D-4374-48AB-A0B0-03CE34B72AB6}.Debug|iPhoneSimulator.ActiveCfg = Debug|Any CPU
		{51D9881D-4374-48AB-A0B0-03CE34B72AB6}.Debug|iPhoneSimulator.Build.0 = Debug|Any CPU
		{51D9881D-4374-48AB-A0B0-03CE34B72AB6}.Debug|iPhoneSimulator.Deploy.0 = Debug|Any CPU
		{51D9881D-4374-48AB-A0B0-03CE34B72AB6}.Release|Any CPU.ActiveCfg = Release|Any CPU
		{51D9881D-4374-48AB-A0B0-03CE34B72AB6}.Release|Any CPU.Build.0 = Release|Any CPU
		{51D9881D-4374-48AB-A0B0-03CE34B72AB6}.Release|Any CPU.Deploy.0 = Release|Any CPU
		{51D9881D-4374-48AB-A0B0-03CE34B72AB6}.Release|iPhone.ActiveCfg = Release|Any CPU
		{51D9881D-4374-48AB-A0B0-03CE34B72AB6}.Release|iPhone.Build.0 = Release|Any CPU
		{51D9881D-4374-48AB-A0B0-03CE34B72AB6}.Release|iPhone.Deploy.0 = Release|Any CPU
		{51D9881D-4374-48AB-A0B0-03CE34B72AB6}.Release|iPhoneSimulator.ActiveCfg = Release|Any CPU
		{51D9881D-4374-48AB-A0B0-03CE34B72AB6}.Release|iPhoneSimulator.Build.0 = Release|Any CPU
		{51D9881D-4374-48AB-A0B0-03CE34B72AB6}.Release|iPhoneSimulator.Deploy.0 = Release|Any CPU
	EndGlobalSection
	GlobalSection(SolutionProperties) = preSolution
		HideSolutionNode = FALSE
	EndGlobalSection
	GlobalSection(ExtensibilityGlobals) = postSolution
		SolutionGuid = {51DECC4A-C870-4D0E-BEEC-39742A583EFB}
	EndGlobalSection
EndGlobal
